
Microsoft Visual Studio Solution File, Format Version 12.00
# Visual Studio 14
VisualStudioVersion = 14.0.22310.1
MinimumVisualStudioVersion = 10.0.40219.1
Project("{FAE04EC0-301F-11D3-BF4B-00C04F79EFBC}") = "Chat", "Chat\Chat.csproj", "{E7B3BC1B-B868-4ABB-99CC-8F374F50FE93}"
EndProject
Project("{FAE04EC0-301F-11D3-BF4B-00C04F79EFBC}") = "ChatClient", "ChatClient\ChatClient\ChatClient.csproj", "{85CAC8BA-7017-4CB5-BEEF-A16D18CDFE1D}"
	ProjectSection(ProjectDependencies) = postProject
		{E7B3BC1B-B868-4ABB-99CC-8F374F50FE93} = {E7B3BC1B-B868-4ABB-99CC-8F374F50FE93}
	EndProjectSection
EndProject
Project("{FAE04EC0-301F-11D3-BF4B-00C04F79EFBC}") = "ChatServer", "ChatServer\ChatServer\ChatServer.csproj", "{6ADD3183-2DB8-4695-B2E5-385D16880F72}"
	ProjectSection(ProjectDependencies) = postProject
		{E7B3BC1B-B868-4ABB-99CC-8F374F50FE93} = {E7B3BC1B-B868-4ABB-99CC-8F374F50FE93}
	EndProjectSection
EndProject
Global
	GlobalSection(SolutionConfigurationPlatforms) = preSolution
		Debug|Any CPU = Debug|Any CPU
		Release|Any CPU = Release|Any CPU
	EndGlobalSection
	GlobalSection(ProjectConfigurationPlatforms) = postSolution
		{E7B3BC1B-B868-4ABB-99CC-8F374F50FE93}.Debug|Any CPU.ActiveCfg = Debug|Any CPU
		{E7B3BC1B-B868-4ABB-99CC-8F374F50FE93}.Debug|Any CPU.Build.0 = Debug|Any CPU
		{E7B3BC1B-B868-4ABB-99CC-8F374F50FE93}.Release|Any CPU.ActiveCfg = Release|Any CPU
		{E7B3BC1B-B868-4ABB-99CC-8F374F50FE93}.Release|Any CPU.Build.0 = Release|Any CPU
		{85CAC8BA-7017-4CB5-BEEF-A16D18CDFE1D}.Debug|Any CPU.ActiveCfg = Debug|Any CPU
		{85CAC8BA-7017-4CB5-BEEF-A16D18CDFE1D}.Debug|Any CPU.Build.0 = Debug|Any CPU
		{85CAC8BA-7017-4CB5-BEEF-A16D18CDFE1D}.Release|Any CPU.ActiveCfg = Release|Any CPU
		{85CAC8BA-7017-4CB5-BEEF-A16D18CDFE1D}.Release|Any CPU.Build.0 = Release|Any CPU
		{6ADD3183-2DB8-4695-B2E5-385D16880F72}.Debug|Any CPU.ActiveCfg = Debug|Any CPU
		{6ADD3183-2DB8-4695-B2E5-385D16880F72}.Debug|Any CPU.Build.0 = Debug|Any CPU
		{6ADD3183-2DB8-4695-B2E5-385D16880F72}.Release|Any CPU.ActiveCfg = Release|Any CPU
		{6ADD3183-2DB8-4695-B2E5-385D16880F72}.Release|Any CPU.Build.0 = Release|Any CPU
	EndGlobalSection
	GlobalSection(SolutionProperties) = preSolution
		HideSolutionNode = FALSE
	EndGlobalSection
EndGlobal
